
Microsoft Visual Studio Solution File, Format Version 12.00
# Visual Studio Version 16
VisualStudioVersion = 16.0.29209.152
MinimumVisualStudioVersion = 10.0.40219.1
Project("{FAE04EC0-301F-11D3-BF4B-00C04F79EFBC}") = "MyVet.Common", "MyVet.Common\MyVet.Common.csproj", "{36EB9C98-8052-457D-8A01-10FBBE69C826}"
EndProject
Project("{FAE04EC0-301F-11D3-BF4B-00C04F79EFBC}") = "MyVet.Web", "MyVet.Web\MyVet.Web.csproj", "{7BB00F8F-F655-4F32-B4AF-D787DB6DDE47}"
EndProject
Global
	GlobalSection(SolutionConfigurationPlatforms) = preSolution
		Debug|Any CPU = Debug|Any CPU
		Release|Any CPU = Release|Any CPU
	EndGlobalSection
	GlobalSection(ProjectConfigurationPlatforms) = postSolution
		{36EB9C98-8052-457D-8A01-10FBBE69C826}.Debug|Any CPU.ActiveCfg = Debug|Any CPU
		{36EB9C98-8052-457D-8A01-10FBBE69C826}.Debug|Any CPU.Build.0 = Debug|Any CPU
		{36EB9C98-8052-457D-8A01-10FBBE69C826}.Release|Any CPU.ActiveCfg = Release|Any CPU
		{36EB9C98-8052-457D-8A01-10FBBE69C826}.Release|Any CPU.Build.0 = Release|Any CPU
		{7BB00F8F-F655-4F32-B4AF-D787DB6DDE47}.Debug|Any CPU.ActiveCfg = Debug|Any CPU
		{7BB00F8F-F655-4F32-B4AF-D787DB6DDE47}.Debug|Any CPU.Build.0 = Debug|Any CPU
		{7BB00F8F-F655-4F32-B4AF-D787DB6DDE47}.Release|Any CPU.ActiveCfg = Release|Any CPU
		{7BB00F8F-F655-4F32-B4AF-D787DB6DDE47}.Release|Any CPU.Build.0 = Release|Any CPU
	EndGlobalSection
	GlobalSection(SolutionProperties) = preSolution
		HideSolutionNode = FALSE
	EndGlobalSection
	GlobalSection(ExtensibilityGlobals) = postSolution
		SolutionGuid = {ED35FA68-F35F-4A47-81C7-2B571AF7BD6A}
	EndGlobalSection
EndGlobal
